// !$*UTF8*$!
{
	archiveVersion = 1;
	classes = {
	};
	objectVersion = 56;
	objects = {

/* Begin PBXBuildFile section */
		1D52857C2CADA8CE00841D34 /* SwiftAsyncSampleApp.swift in Sources */ = {isa = PBXBuildFile; fileRef = 1D52857B2CADA8CE00841D34 /* SwiftAsyncSampleApp.swift */; };
		1D52857E2CADA8CE00841D34 /* ContentView.swift in Sources */ = {isa = PBXBuildFile; fileRef = 1D52857D2CADA8CE00841D34 /* ContentView.swift */; };
		1D5285802CADA8D000841D34 /* Assets.xcassets in Resources */ = {isa = PBXBuildFile; fileRef = 1D52857F2CADA8D000841D34 /* Assets.xcassets */; };
		1D5285832CADA8D000841D34 /* Preview Assets.xcassets in Resources */ = {isa = PBXBuildFile; fileRef = 1D5285822CADA8D000841D34 /* Preview Assets.xcassets */; };
		1D52858B2CADAA4500841D34 /* GCDSample.swift in Sources */ = {isa = PBXBuildFile; fileRef = 1D52858A2CADAA4500841D34 /* GCDSample.swift */; };
		1D52858E2CADADEC00841D34 /* Alamofire in Frameworks */ = {isa = PBXBuildFile; productRef = 1D52858D2CADADEC00841D34 /* Alamofire */; };
		1D5285902CADADEC00841D34 /* AlamofireDynamic in Frameworks */ = {isa = PBXBuildFile; productRef = 1D52858F2CADADEC00841D34 /* AlamofireDynamic */; };
		1D5285922CADAE0400841D34 /* APIAsyncSample.swift in Sources */ = {isa = PBXBuildFile; fileRef = 1D5285912CADAE0400841D34 /* APIAsyncSample.swift */; };
		1D5285952CADB08C00841D34 /* CategoryService.swift in Sources */ = {isa = PBXBuildFile; fileRef = 1D5285942CADB08C00841D34 /* CategoryService.swift */; };
/* End PBXBuildFile section */

/* Begin PBXFileReference section */
		1D5285782CADA8CE00841D34 /* SwiftAsyncSample.app */ = {isa = PBXFileReference; explicitFileType = wrapper.application; includeInIndex = 0; path = SwiftAsyncSample.app; sourceTree = BUILT_PRODUCTS_DIR; };
		1D52857B2CADA8CE00841D34 /* SwiftAsyncSampleApp.swift */ = {isa = PBXFileReference; lastKnownFileType = sourcecode.swift; path = SwiftAsyncSampleApp.swift; sourceTree = "<group>"; };
		1D52857D2CADA8CE00841D34 /* ContentView.swift */ = {isa = PBXFileReference; lastKnownFileType = sourcecode.swift; path = ContentView.swift; sourceTree = "<group>"; };
		1D52857F2CADA8D000841D34 /* Assets.xcassets */ = {isa = PBXFileReference; lastKnownFileType = folder.assetcatalog; path = Assets.xcassets; sourceTree = "<group>"; };
		1D5285822CADA8D000841D34 /* Preview Assets.xcassets */ = {isa = PBXFileReference; lastKnownFileType = folder.assetcatalog; path = "Preview Assets.xcassets"; sourceTree = "<group>"; };
		1D52858A2CADAA4500841D34 /* GCDSample.swift */ = {isa = PBXFileReference; lastKnownFileType = sourcecode.swift; path = GCDSample.swift; sourceTree = "<group>"; };
		1D5285912CADAE0400841D34 /* APIAsyncSample.swift */ = {isa = PBXFileReference; lastKnownFileType = sourcecode.swift; path = APIAsyncSample.swift; sourceTree = "<group>"; };
		1D5285942CADB08C00841D34 /* CategoryService.swift */ = {isa = PBXFileReference; lastKnownFileType = sourcecode.swift; path = CategoryService.swift; sourceTree = "<group>"; };
/* End PBXFileReference section */

/* Begin PBXFrameworksBuildPhase section */
		1D5285752CADA8CE00841D34 /* Frameworks */ = {
			isa = PBXFrameworksBuildPhase;
			buildActionMask = 2147483647;
			files = (
				1D52858E2CADADEC00841D34 /* Alamofire in Frameworks */,
				1D5285902CADADEC00841D34 /* AlamofireDynamic in Frameworks */,
			);
			runOnlyForDeploymentPostprocessing = 0;
		};
/* End PBXFrameworksBuildPhase section */

/* Begin PBXGroup section */
		1D52856F2CADA8CE00841D34 = {
			isa = PBXGroup;
			children = (
				1D52857A2CADA8CE00841D34 /* SwiftAsyncSample */,
				1D5285792CADA8CE00841D34 /* Products */,
			);
			sourceTree = "<group>";
		};
		1D5285792CADA8CE00841D34 /* Products */ = {
			isa = PBXGroup;
			children = (
				1D5285782CADA8CE00841D34 /* SwiftAsyncSample.app */,
			);
			name = Products;
			sourceTree = "<group>";
		};
		1D52857A2CADA8CE00841D34 /* SwiftAsyncSample */ = {
			isa = PBXGroup;
			children = (
				1D5285932CADB08300841D34 /* Service */,
				1D5285892CADAA2000841D34 /* Screens */,
				1D52857B2CADA8CE00841D34 /* SwiftAsyncSampleApp.swift */,
				1D52857D2CADA8CE00841D34 /* ContentView.swift */,
				1D52857F2CADA8D000841D34 /* Assets.xcassets */,
				1D5285812CADA8D000841D34 /* Preview Content */,
			);
			path = SwiftAsyncSample;
			sourceTree = "<group>";
		};
		1D5285812CADA8D000841D34 /* Preview Content */ = {
			isa = PBXGroup;
			children = (
				1D5285822CADA8D000841D34 /* Preview Assets.xcassets */,
			);
			path = "Preview Content";
			sourceTree = "<group>";
		};
		1D5285892CADAA2000841D34 /* Screens */ = {
			isa = PBXGroup;
			children = (
				1D52858A2CADAA4500841D34 /* GCDSample.swift */,
				1D5285912CADAE0400841D34 /* APIAsyncSample.swift */,
			);
			path = Screens;
			sourceTree = "<group>";
		};
		1D5285932CADB08300841D34 /* Service */ = {
			isa = PBXGroup;
			children = (
				1D5285942CADB08C00841D34 /* CategoryService.swift */,
			);
			path = Service;
			sourceTree = "<group>";
		};
/* End PBXGroup section */

/* Begin PBXNativeTarget section */
		1D5285772CADA8CE00841D34 /* SwiftAsyncSample */ = {
			isa = PBXNativeTarget;
			buildConfigurationList = 1D5285862CADA8D000841D34 /* Build configuration list for PBXNativeTarget "SwiftAsyncSample" */;
			buildPhases = (
				1D5285742CADA8CE00841D34 /* Sources */,
				1D5285752CADA8CE00841D34 /* Frameworks */,
				1D5285762CADA8CE00841D34 /* Resources */,
			);
			buildRules = (
			);
			dependencies = (
			);
			name = SwiftAsyncSample;
			packageProductDependencies = (
				1D52858D2CADADEC00841D34 /* Alamofire */,
				1D52858F2CADADEC00841D34 /* AlamofireDynamic */,
			);
			productName = SwiftAsyncSample;
			productReference = 1D5285782CADA8CE00841D34 /* SwiftAsyncSample.app */;
			productType = "com.apple.product-type.application";
		};
/* End PBXNativeTarget section */

/* Begin PBXProject section */
		1D5285702CADA8CE00841D34 /* Project object */ = {
			isa = PBXProject;
			attributes = {
				BuildIndependentTargetsInParallel = 1;
				LastSwiftUpdateCheck = 1520;
				LastUpgradeCheck = 1520;
				TargetAttributes = {
					1D5285772CADA8CE00841D34 = {
						CreatedOnToolsVersion = 15.2;
					};
				};
			};
			buildConfigurationList = 1D5285732CADA8CE00841D34 /* Build configuration list for PBXProject "SwiftAsyncSample" */;
			compatibilityVersion = "Xcode 14.0";
			developmentRegion = en;
			hasScannedForEncodings = 0;
			knownRegions = (
				en,
				Base,
			);
			mainGroup = 1D52856F2CADA8CE00841D34;
			packageReferences = (
				1D52858C2CADADEC00841D34 /* XCRemoteSwiftPackageReference "Alamofire" */,
			);
			productRefGroup = 1D5285792CADA8CE00841D34 /* Products */;
			projectDirPath = "";
			projectRoot = "";
			targets = (
				1D5285772CADA8CE00841D34 /* SwiftAsyncSample */,
			);
		};
/* End PBXProject section */

/* Begin PBXResourcesBuildPhase section */
		1D5285762CADA8CE00841D34 /* Resources */ = {
			isa = PBXResourcesBuildPhase;
			buildActionMask = 2147483647;
			files = (
				1D5285832CADA8D000841D34 /* Preview Assets.xcassets in Resources */,
				1D5285802CADA8D000841D34 /* Assets.xcassets in Resources */,
			);
			runOnlyForDeploymentPostprocessing = 0;
		};
/* End PBXResourcesBuildPhase section */

/* Begin PBXSourcesBuildPhase section */
		1D5285742CADA8CE00841D34 /* Sources */ = {
			isa = PBXSourcesBuildPhase;
			buildActionMask = 2147483647;
			files = (
				1D52857E2CADA8CE00841D34 /* ContentView.swift in Sources */,
				1D5285922CADAE0400841D34 /* APIAsyncSample.swift in Sources */,
				1D52858B2CADAA4500841D34 /* GCDSample.swift in Sources */,
				1D52857C2CADA8CE00841D34 /* SwiftAsyncSampleApp.swift in Sources */,
				1D5285952CADB08C00841D34 /* CategoryService.swift in Sources */,
			);
			runOnlyForDeploymentPostprocessing = 0;
		};
/* End PBXSourcesBuildPhase section */

/* Begin XCBuildConfiguration section */
		1D5285842CADA8D000841D34 /* Debug */ = {
			isa = XCBuildConfiguration;
			buildSettings = {
				ALWAYS_SEARCH_USER_PATHS = NO;
				ASSETCATALOG_COMPILER_GENERATE_SWIFT_ASSET_SYMBOL_EXTENSIONS = YES;
				CLANG_ANALYZER_NONNULL = YES;
				CLANG_ANALYZER_NUMBER_OBJECT_CONVERSION = YES_AGGRESSIVE;
				CLANG_CXX_LANGUAGE_STANDARD = "gnu++20";
				CLANG_ENABLE_MODULES = YES;
				CLANG_ENABLE_OBJC_ARC = YES;
				CLANG_ENABLE_OBJC_WEAK = YES;
				CLANG_WARN_BLOCK_CAPTURE_AUTORELEASING = YES;
				CLANG_WARN_BOOL_CONVERSION = YES;
				CLANG_WARN_COMMA = YES;
				CLANG_WARN_CONSTANT_CONVERSION = YES;
				CLANG_WARN_DEPRECATED_OBJC_IMPLEMENTATIONS = YES;
				CLANG_WARN_DIRECT_OBJC_ISA_USAGE = YES_ERROR;
				CLANG_WARN_DOCUMENTATION_COMMENTS = YES;
				CLANG_WARN_EMPTY_BODY = YES;
				CLANG_WARN_ENUM_CONVERSION = YES;
				CLANG_WARN_INFINITE_RECURSION = YES;
				CLANG_WARN_INT_CONVERSION = YES;
				CLANG_WARN_NON_LITERAL_NULL_CONVERSION = YES;
				CLANG_WARN_OBJC_IMPLICIT_RETAIN_SELF = YES;
				CLANG_WARN_OBJC_LITERAL_CONVERSION = YES;
				CLANG_WARN_OBJC_ROOT_CLASS = YES_ERROR;
				CLANG_WARN_QUOTED_INCLUDE_IN_FRAMEWORK_HEADER = YES;
				CLANG_WARN_RANGE_LOOP_ANALYSIS = YES;
				CLANG_WARN_STRICT_PROTOTYPES = YES;
				CLANG_WARN_SUSPICIOUS_MOVE = YES;
				CLANG_WARN_UNGUARDED_AVAILABILITY = YES_AGGRESSIVE;
				CLANG_WARN_UNREACHABLE_CODE = YES;
				CLANG_WARN__DUPLICATE_METHOD_MATCH = YES;
				COPY_PHASE_STRIP = NO;
				DEBUG_INFORMATION_FORMAT = dwarf;
				ENABLE_STRICT_OBJC_MSGSEND = YES;
				ENABLE_TESTABILITY = YES;
				ENABLE_USER_SCRIPT_SANDBOXING = YES;
				GCC_C_LANGUAGE_STANDARD = gnu17;
				GCC_DYNAMIC_NO_PIC = NO;
				GCC_NO_COMMON_BLOCKS = YES;
				GCC_OPTIMIZATION_LEVEL = 0;
				GCC_PREPROCESSOR_DEFINITIONS = (
					"DEBUG=1",
					"$(inherited)",
				);
				GCC_WARN_64_TO_32_BIT_CONVERSION = YES;
				GCC_WARN_ABOUT_RETURN_TYPE = YES_ERROR;
				GCC_WARN_UNDECLARED_SELECTOR = YES;
				GCC_WARN_UNINITIALIZED_AUTOS = YES_AGGRESSIVE;
				GCC_WARN_UNUSED_FUNCTION = YES;
				GCC_WARN_UNUSED_VARIABLE = YES;
				IPHONEOS_DEPLOYMENT_TARGET = 17.2;
				LOCALIZATION_PREFERS_STRING_CATALOGS = YES;
				MTL_ENABLE_DEBUG_INFO = INCLUDE_SOURCE;
				MTL_FAST_MATH = YES;
				ONLY_ACTIVE_ARCH = YES;
				SDKROOT = iphoneos;
				SWIFT_ACTIVE_COMPILATION_CONDITIONS = "DEBUG $(inherited)";
				SWIFT_OPTIMIZATION_LEVEL = "-Onone";
			};
			name = Debug;
		};
		1D5285852CADA8D000841D34 /* Release */ = {
			isa = XCBuildConfiguration;
			buildSettings = {
				ALWAYS_SEARCH_USER_PATHS = NO;
				ASSETCATALOG_COMPILER_GENERATE_SWIFT_ASSET_SYMBOL_EXTENSIONS = YES;
				CLANG_ANALYZER_NONNULL = YES;
				CLANG_ANALYZER_NUMBER_OBJECT_CONVERSION = YES_AGGRESSIVE;
				CLANG_CXX_LANGUAGE_STANDARD = "gnu++20";
				CLANG_ENABLE_MODULES = YES;
				CLANG_ENABLE_OBJC_ARC = YES;
				CLANG_ENABLE_OBJC_WEAK = YES;
				CLANG_WARN_BLOCK_CAPTURE_AUTORELEASING = YES;
				CLANG_WARN_BOOL_CONVERSION = YES;
				CLANG_WARN_COMMA = YES;
				CLANG_WARN_CONSTANT_CONVERSION = YES;
				CLANG_WARN_DEPRECATED_OBJC_IMPLEMENTATIONS = YES;
				CLANG_WARN_DIRECT_OBJC_ISA_USAGE = YES_ERROR;
				CLANG_WARN_DOCUMENTATION_COMMENTS = YES;
				CLANG_WARN_EMPTY_BODY = YES;
				CLANG_WARN_ENUM_CONVERSION = YES;
				CLANG_WARN_INFINITE_RECURSION = YES;
				CLANG_WARN_INT_CONVERSION = YES;
				CLANG_WARN_NON_LITERAL_NULL_CONVERSION = YES;
				CLANG_WARN_OBJC_IMPLICIT_RETAIN_SELF = YES;
				CLANG_WARN_OBJC_LITERAL_CONVERSION = YES;
				CLANG_WARN_OBJC_ROOT_CLASS = YES_ERROR;
				CLANG_WARN_QUOTED_INCLUDE_IN_FRAMEWORK_HEADER = YES;
				CLANG_WARN_RANGE_LOOP_ANALYSIS = YES;
				CLANG_WARN_STRICT_PROTOTYPES = YES;
				CLANG_WARN_SUSPICIOUS_MOVE = YES;
				CLANG_WARN_UNGUARDED_AVAILABILITY = YES_AGGRESSIVE;
				CLANG_WARN_UNREACHABLE_CODE = YES;
				CLANG_WARN__DUPLICATE_METHOD_MATCH = YES;
				COPY_PHASE_STRIP = NO;
				DEBUG_INFORMATION_FORMAT = "dwarf-with-dsym";
				ENABLE_NS_ASSERTIONS = NO;
				ENABLE_STRICT_OBJC_MSGSEND = YES;
				ENABLE_USER_SCRIPT_SANDBOXING = YES;
				GCC_C_LANGUAGE_STANDARD = gnu17;
				GCC_NO_COMMON_BLOCKS = YES;
				GCC_WARN_64_TO_32_BIT_CONVERSION = YES;
				GCC_WARN_ABOUT_RETURN_TYPE = YES_ERROR;
				GCC_WARN_UNDECLARED_SELECTOR = YES;
				GCC_WARN_UNINITIALIZED_AUTOS = YES_AGGRESSIVE;
				GCC_WARN_UNUSED_FUNCTION = YES;
				GCC_WARN_UNUSED_VARIABLE = YES;
				IPHONEOS_DEPLOYMENT_TARGET = 17.2;
				LOCALIZATION_PREFERS_STRING_CATALOGS = YES;
				MTL_ENABLE_DEBUG_INFO = NO;
				MTL_FAST_MATH = YES;
				SDKROOT = iphoneos;
				SWIFT_COMPILATION_MODE = wholemodule;
				VALIDATE_PRODUCT = YES;
			};
			name = Release;
		};
		1D5285872CADA8D000841D34 /* Debug */ = {
			isa = XCBuildConfiguration;
			buildSettings = {
				ASSETCATALOG_COMPILER_APPICON_NAME = AppIcon;
				ASSETCATALOG_COMPILER_GLOBAL_ACCENT_COLOR_NAME = AccentColor;
				CODE_SIGN_STYLE = Automatic;
				CURRENT_PROJECT_VERSION = 1;
				DEVELOPMENT_ASSET_PATHS = "\"SwiftAsyncSample/Preview Content\"";
				DEVELOPMENT_TEAM = 5WJ6D6989G;
				ENABLE_PREVIEWS = YES;
				GENERATE_INFOPLIST_FILE = YES;
				INFOPLIST_KEY_UIApplicationSceneManifest_Generation = YES;
				INFOPLIST_KEY_UIApplicationSupportsIndirectInputEvents = YES;
				INFOPLIST_KEY_UILaunchScreen_Generation = YES;
				INFOPLIST_KEY_UISupportedInterfaceOrientations_iPad = "UIInterfaceOrientationPortrait UIInterfaceOrientationPortraitUpsideDown UIInterfaceOrientationLandscapeLeft UIInterfaceOrientationLandscapeRight";
				INFOPLIST_KEY_UISupportedInterfaceOrientations_iPhone = "UIInterfaceOrientationPortrait UIInterfaceOrientationLandscapeLeft UIInterfaceOrientationLandscapeRight";
				LD_RUNPATH_SEARCH_PATHS = (
					"$(inherited)",
					"@executable_path/Frameworks",
				);
				MARKETING_VERSION = 1.0;
				PRODUCT_BUNDLE_IDENTIFIER = com.cagatayyildiz.SwiftAsyncSample;
				PRODUCT_NAME = "$(TARGET_NAME)";
				SWIFT_EMIT_LOC_STRINGS = YES;
				SWIFT_VERSION = 5.0;
				TARGETED_DEVICE_FAMILY = "1,2";
			};
			name = Debug;
		};
		1D5285882CADA8D000841D34 /* Release */ = {
			isa = XCBuildConfiguration;
			buildSettings = {
				ASSETCATALOG_COMPILER_APPICON_NAME = AppIcon;
				ASSETCATALOG_COMPILER_GLOBAL_ACCENT_COLOR_NAME = AccentColor;
				CODE_SIGN_STYLE = Automatic;
				CURRENT_PROJECT_VERSION = 1;
				DEVELOPMENT_ASSET_PATHS = "\"SwiftAsyncSample/Preview Content\"";
				DEVELOPMENT_TEAM = 5WJ6D6989G;
				ENABLE_PREVIEWS = YES;
				GENERATE_INFOPLIST_FILE = YES;
				INFOPLIST_KEY_UIApplicationSceneManifest_Generation = YES;
				INFOPLIST_KEY_UIApplicationSupportsIndirectInputEvents = YES;
				INFOPLIST_KEY_UILaunchScreen_Generation = YES;
				INFOPLIST_KEY_UISupportedInterfaceOrientations_iPad = "UIInterfaceOrientationPortrait UIInterfaceOrientationPortraitUpsideDown UIInterfaceOrientationLandscapeLeft UIInterfaceOrientationLandscapeRight";
				INFOPLIST_KEY_UISupportedInterfaceOrientations_iPhone = "UIInterfaceOrientationPortrait UIInterfaceOrientationLandscapeLeft UIInterfaceOrientationLandscapeRight";
				LD_RUNPATH_SEARCH_PATHS = (
					"$(inherited)",
					"@executable_path/Frameworks",
				);
				MARKETING_VERSION = 1.0;
				PRODUCT_BUNDLE_IDENTIFIER = com.cagatayyildiz.SwiftAsyncSample;
				PRODUCT_NAME = "$(TARGET_NAME)";
				SWIFT_EMIT_LOC_STRINGS = YES;
				SWIFT_VERSION = 5.0;
				TARGETED_DEVICE_FAMILY = "1,2";
			};
			name = Release;
		};
/* End XCBuildConfiguration section */

/* Begin XCConfigurationList section */
		1D5285732CADA8CE00841D34 /* Build configuration list for PBXProject "SwiftAsyncSample" */ = {
			isa = XCConfigurationList;
			buildConfigurations = (
				1D5285842CADA8D000841D34 /* Debug */,
				1D5285852CADA8D000841D34 /* Release */,
			);
			defaultConfigurationIsVisible = 0;
			defaultConfigurationName = Release;
		};
		1D5285862CADA8D000841D34 /* Build configuration list for PBXNativeTarget "SwiftAsyncSample" */ = {
			isa = XCConfigurationList;
			buildConfigurations = (
				1D5285872CADA8D000841D34 /* Debug */,
				1D5285882CADA8D000841D34 /* Release */,
			);
			defaultConfigurationIsVisible = 0;
			defaultConfigurationName = Release;
		};
/* End XCConfigurationList section */

/* Begin XCRemoteSwiftPackageReference section */
		1D52858C2CADADEC00841D34 /* XCRemoteSwiftPackageReference "Alamofire" */ = {
			isa = XCRemoteSwiftPackageReference;
			repositoryURL = "https://github.com/Alamofire/Alamofire.git";
			requirement = {
				kind = upToNextMajorVersion;
				minimumVersion = 5.9.1;
			};
		};
/* End XCRemoteSwiftPackageReference section */

/* Begin XCSwiftPackageProductDependency section */
		1D52858D2CADADEC00841D34 /* Alamofire */ = {
			isa = XCSwiftPackageProductDependency;
			package = 1D52858C2CADADEC00841D34 /* XCRemoteSwiftPackageReference "Alamofire" */;
			productName = Alamofire;
		};
		1D52858F2CADADEC00841D34 /* AlamofireDynamic */ = {
			isa = XCSwiftPackageProductDependency;
			package = 1D52858C2CADADEC00841D34 /* XCRemoteSwiftPackageReference "Alamofire" */;
			productName = AlamofireDynamic;
		};
/* End XCSwiftPackageProductDependency section */
	};
	rootObject = 1D5285702CADA8CE00841D34 /* Project object */;
}
